
Microsoft Visual Studio Solution File, Format Version 12.00
# Visual Studio Version 18
VisualStudioVersion = 18.3.11520.95
MinimumVisualStudioVersion = 10.0.40219.1
Project("{FAE04EC0-301F-11D3-BF4B-00C04F79EFBC}") = "PinesUI.StaticComponents", "PinesUI.StaticComponents.csproj", "{0E25B321-9FCA-76BE-6DF1-C158937489CB}"
EndProject
Project("{FAE04EC0-301F-11D3-BF4B-00C04F79EFBC}") = "PinesUI.LiveDemo", "PinesUI.LiveDemo\PinesUI.LiveDemo.csproj", "{788FD6CC-15F1-4F30-75F5-00B0E4A91A20}"
EndProject
Global
	GlobalSection(SolutionConfigurationPlatforms) = preSolution
		Debug|Any CPU = Debug|Any CPU
		Release|Any CPU = Release|Any CPU
	EndGlobalSection
	GlobalSection(ProjectConfigurationPlatforms) = postSolution
		{0E25B321-9FCA-76BE-6DF1-C158937489CB}.Debug|Any CPU.ActiveCfg = Debug|Any CPU
		{0E25B321-9FCA-76BE-6DF1-C158937489CB}.Debug|Any CPU.Build.0 = Debug|Any CPU
		{0E25B321-9FCA-76BE-6DF1-C158937489CB}.Release|Any CPU.ActiveCfg = Release|Any CPU
		{0E25B321-9FCA-76BE-6DF1-C158937489CB}.Release|Any CPU.Build.0 = Release|Any CPU
		{788FD6CC-15F1-4F30-75F5-00B0E4A91A20}.Debug|Any CPU.ActiveCfg = Debug|Any CPU
		{788FD6CC-15F1-4F30-75F5-00B0E4A91A20}.Debug|Any CPU.Build.0 = Debug|Any CPU
		{788FD6CC-15F1-4F30-75F5-00B0E4A91A20}.Release|Any CPU.ActiveCfg = Release|Any CPU
		{788FD6CC-15F1-4F30-75F5-00B0E4A91A20}.Release|Any CPU.Build.0 = Release|Any CPU
	EndGlobalSection
	GlobalSection(SolutionProperties) = preSolution
		HideSolutionNode = FALSE
	EndGlobalSection
	GlobalSection(ExtensibilityGlobals) = postSolution
		SolutionGuid = {31AFAB36-3E32-44DD-885F-F6EFA87CE201}
	EndGlobalSection
EndGlobal
